
Microsoft Visual Studio Solution File, Format Version 12.00
# Visual Studio Version 17
VisualStudioVersion = 17.6.33815.320
MinimumVisualStudioVersion = 10.0.40219.1
Project("{FAE04EC0-301F-11D3-BF4B-00C04F79EFBC}") = "CRVS.UI", "CRVS.UI\CRVS.UI.csproj", "{072073A2-7BFB-48CF-998D-9D7E87C4861A}"
EndProject
Project("{FAE04EC0-301F-11D3-BF4B-00C04F79EFBC}") = "CRVS.Core", "CRVS.Core\CRVS.Core.csproj", "{89D7BADD-0273-4E72-94AB-BA42F7C61F75}"
EndProject
Project("{FAE04EC0-301F-11D3-BF4B-00C04F79EFBC}") = "CRVS.EF", "CRVS.EF\CRVS.EF.csproj", "{A8C10AB0-027D-4D0C-B2DB-B5AEF19097BB}"
EndProject
Global
	GlobalSection(SolutionConfigurationPlatforms) = preSolution
		Debug|Any CPU = Debug|Any CPU
		Release|Any CPU = Release|Any CPU
	EndGlobalSection
	GlobalSection(ProjectConfigurationPlatforms) = postSolution
		{072073A2-7BFB-48CF-998D-9D7E87C4861A}.Debug|Any CPU.ActiveCfg = Debug|Any CPU
		{072073A2-7BFB-48CF-998D-9D7E87C4861A}.Debug|Any CPU.Build.0 = Debug|Any CPU
		{072073A2-7BFB-48CF-998D-9D7E87C4861A}.Release|Any CPU.ActiveCfg = Release|Any CPU
		{072073A2-7BFB-48CF-998D-9D7E87C4861A}.Release|Any CPU.Build.0 = Release|Any CPU
		{89D7BADD-0273-4E72-94AB-BA42F7C61F75}.Debug|Any CPU.ActiveCfg = Debug|Any CPU
		{89D7BADD-0273-4E72-94AB-BA42F7C61F75}.Debug|Any CPU.Build.0 = Debug|Any CPU
		{89D7BADD-0273-4E72-94AB-BA42F7C61F75}.Release|Any CPU.ActiveCfg = Release|Any CPU
		{89D7BADD-0273-4E72-94AB-BA42F7C61F75}.Release|Any CPU.Build.0 = Release|Any CPU
		{A8C10AB0-027D-4D0C-B2DB-B5AEF19097BB}.Debug|Any CPU.ActiveCfg = Debug|Any CPU
		{A8C10AB0-027D-4D0C-B2DB-B5AEF19097BB}.Debug|Any CPU.Build.0 = Debug|Any CPU
		{A8C10AB0-027D-4D0C-B2DB-B5AEF19097BB}.Release|Any CPU.ActiveCfg = Release|Any CPU
		{A8C10AB0-027D-4D0C-B2DB-B5AEF19097BB}.Release|Any CPU.Build.0 = Release|Any CPU
	EndGlobalSection
	GlobalSection(SolutionProperties) = preSolution
		HideSolutionNode = FALSE
	EndGlobalSection
	GlobalSection(ExtensibilityGlobals) = postSolution
		SolutionGuid = {23280093-64A1-4A4A-AEC2-E3BA7A5A4783}
	EndGlobalSection
EndGlobal
